
Microsoft Visual Studio Solution File, Format Version 12.00
# Visual Studio Version 17
VisualStudioVersion = 17.5.33530.505
MinimumVisualStudioVersion = 10.0.40219.1
Project("{FAE04EC0-301F-11D3-BF4B-00C04F79EFBC}") = "MVCReady_1", "MVCReady_1\MVCReady_1.csproj", "{9C456BCC-E2DF-40D9-B266-2C04462E02C0}"
EndProject
Global
	GlobalSection(SolutionConfigurationPlatforms) = preSolution
		Debug|Any CPU = Debug|Any CPU
		Release|Any CPU = Release|Any CPU
	EndGlobalSection
	GlobalSection(ProjectConfigurationPlatforms) = postSolution
		{9C456BCC-E2DF-40D9-B266-2C04462E02C0}.Debug|Any CPU.ActiveCfg = Debug|Any CPU
		{9C456BCC-E2DF-40D9-B266-2C04462E02C0}.Debug|Any CPU.Build.0 = Debug|Any CPU
		{9C456BCC-E2DF-40D9-B266-2C04462E02C0}.Release|Any CPU.ActiveCfg = Release|Any CPU
		{9C456BCC-E2DF-40D9-B266-2C04462E02C0}.Release|Any CPU.Build.0 = Release|Any CPU
	EndGlobalSection
	GlobalSection(SolutionProperties) = preSolution
		HideSolutionNode = FALSE
	EndGlobalSection
	GlobalSection(ExtensibilityGlobals) = postSolution
		SolutionGuid = {1A05F210-9BD1-44AF-BEFF-8F4E8F772B64}
	EndGlobalSection
EndGlobal
